Microsoft Visual Studio Solution File, Format Version 11.00
# Visual Studio 2008

Project("{2B2495EA-9865-3C79-6A5C-48648F8F54E9}") = "dag_tirmanma", "Assembly-CSharp.csproj", "{DB91BB42-5F0F-A7A5-9B74-F9372A52098D}"
EndProject
Project("{2B2495EA-9865-3C79-6A5C-48648F8F54E9}") = "dag_tirmanma", "Assembly-CSharp-Editor.csproj", "{0A4BC2EE-09DB-3B78-912D-76D2511F7537}"
EndProject
Project("{2B2495EA-9865-3C79-6A5C-48648F8F54E9}") = "dag_tirmanma", "Assembly-UnityScript-firstpass.unityproj", "{BE217703-274C-0986-0490-EAE31A4C34ED}"
EndProject
Project("{2B2495EA-9865-3C79-6A5C-48648F8F54E9}") = "dag_tirmanma", "Assembly-UnityScript.unityproj", "{70417AF4-8D95-5C78-B133-52EE12FA7437}"
EndProject
Global
	GlobalSection(SolutionConfigurationPlatforms) = preSolution
		Debug|Any CPU = Debug|Any CPU
		Release|Any CPU = Release|Any CPU
	EndGlobalSection
	GlobalSection(ProjectConfigurationPlatforms) = postSolution
		{DB91BB42-5F0F-A7A5-9B74-F9372A52098D}.Debug|Any CPU.ActiveCfg = Debug|Any CPU
		{DB91BB42-5F0F-A7A5-9B74-F9372A52098D}.Debug|Any CPU.Build.0 = Debug|Any CPU
		{DB91BB42-5F0F-A7A5-9B74-F9372A52098D}.Release|Any CPU.ActiveCfg = Release|Any CPU
		{DB91BB42-5F0F-A7A5-9B74-F9372A52098D}.Release|Any CPU.Build.0 = Release|Any CPU
		{0A4BC2EE-09DB-3B78-912D-76D2511F7537}.Debug|Any CPU.ActiveCfg = Debug|Any CPU
		{0A4BC2EE-09DB-3B78-912D-76D2511F7537}.Debug|Any CPU.Build.0 = Debug|Any CPU
		{0A4BC2EE-09DB-3B78-912D-76D2511F7537}.Release|Any CPU.ActiveCfg = Release|Any CPU
		{0A4BC2EE-09DB-3B78-912D-76D2511F7537}.Release|Any CPU.Build.0 = Release|Any CPU
		{BE217703-274C-0986-0490-EAE31A4C34ED}.Debug|Any CPU.ActiveCfg = Debug|Any CPU
		{BE217703-274C-0986-0490-EAE31A4C34ED}.Debug|Any CPU.Build.0 = Debug|Any CPU
		{BE217703-274C-0986-0490-EAE31A4C34ED}.Release|Any CPU.ActiveCfg = Release|Any CPU
		{BE217703-274C-0986-0490-EAE31A4C34ED}.Release|Any CPU.Build.0 = Release|Any CPU
		{70417AF4-8D95-5C78-B133-52EE12FA7437}.Debug|Any CPU.ActiveCfg = Debug|Any CPU
		{70417AF4-8D95-5C78-B133-52EE12FA7437}.Debug|Any CPU.Build.0 = Debug|Any CPU
		{70417AF4-8D95-5C78-B133-52EE12FA7437}.Release|Any CPU.ActiveCfg = Release|Any CPU
		{70417AF4-8D95-5C78-B133-52EE12FA7437}.Release|Any CPU.Build.0 = Release|Any CPU
	EndGlobalSection
	GlobalSection(SolutionProperties) = preSolution
		HideSolutionNode = FALSE
	EndGlobalSection
	GlobalSection(MonoDevelopProperties) = preSolution
		StartupItem = Assembly-CSharp.csproj
	EndGlobalSection
EndGlobal
